{
  "name": "g3djs",
  "version": "1.0.0",
  "lockfileVersion": 1,
  "requires": true,
  "dependencies": {
    "jpickle": {
      "version": "git+https://github.com/jlaine/node-jpickle.git#d44bb18353c360112d1d91c9dea7c8abc2d27352",
      "from": "git+https://github.com/jlaine/node-jpickle.git"
    }
  }
}
